<?xml version="1.0" encoding="utf-8"?>
<Project ToolsVersion="4.0" xmlns="http://schemas.microsoft.com/developer/msbuild/2003">
  <ItemGroup>
    <Filter Include="Sources">
      <UniqueIdentifier>{4FC737F1-C7A5-4376-A066-2A32D752A2FF}</UniqueIdentifier>
      <Extensions>cpp;c;cc;cxx;c++;cppm;ixx;def;odl;idl;hpj;bat;asm;asmx</Extensions>
    </Filter>
    <Filter Include="Sources\utility">
      <UniqueIdentifier>{a1d53408-c339-459f-9912-9092da093e3a}</UniqueIdentifier>
    </Filter>
    <Filter Include="Sources\gl">
      <UniqueIdentifier>{3b01738b-2d56-4e09-800e-c0c1ba52d84c}</UniqueIdentifier>
    </Filter>
    <Filter Include="Sources\game">
      <UniqueIdentifier>{393dbc3a-0104-441e-94aa-64724b79f3c2}</UniqueIdentifier>
    </Filter>
    <Filter Include="Includes">
      <UniqueIdentifier>{93995380-89BD-4b04-88EB-625FBE52EBFB}</UniqueIdentifier>
      <Extensions>h;hh;hpp;hxx;h++;hm;inl;inc;ipp;xsd</Extensions>
    </Filter>
    <Filter Include="Includes\gl">
      <UniqueIdentifier>{960512da-39c8-417d-b2d5-bbb885ba33e8}</UniqueIdentifier>
    </Filter>
    <Filter Include="Includes\mathematic">
      <UniqueIdentifier>{eb7d47d5-a20a-4058-a7f0-c01ed47e69a0}</UniqueIdentifier>
    </Filter>
    <Filter Include="Includes\utility">
      <UniqueIdentifier>{7965748a-7224-4550-8a92-2a47732b9068}</UniqueIdentifier>
    </Filter>
    <Filter Include="Includes\game">
      <UniqueIdentifier>{460c2762-d2f2-4e5b-8775-244c74e40ef0}</UniqueIdentifier>
    </Filter>
    <Filter Include="Resources">
      <UniqueIdentifier>{67DA6AB6-F800-4c08-8B7A-83BB121AAD01}</UniqueIdentifier>
      <Extensions>rc;ico;cur;bmp;dlg;rc2;rct;bin;rgs;gif;jpg;jpeg;jpe;resx;tiff;tif;png;wav;mfcribbon-ms</Extensions>
    </Filter>
    <Filter Include="Includes\assets">
      <UniqueIdentifier>{f997d656-7c99-4226-a4e2-069b90031714}</UniqueIdentifier>
    </Filter>
  </ItemGroup>
  <ItemGroup>
    <ClCompile Include="main.cpp">
      <Filter>Sources</Filter>
    </ClCompile>
    <ClCompile Include="color.cpp">
      <Filter>Sources\utility</Filter>
    </ClCompile>
    <ClCompile Include="time.cpp">
      <Filter>Sources\utility</Filter>
    </ClCompile>
    <ClCompile Include="renderer.cpp">
      <Filter>Sources\gl</Filter>
    </ClCompile>
    <ClCompile Include="glHelper.cpp">
      <Filter>Sources\gl</Filter>
    </ClCompile>
    <ClCompile Include="glad.c">
      <Filter>Sources\gl</Filter>
    </ClCompile>
    <ClCompile Include="world.cpp">
      <Filter>Sources\game</Filter>
    </ClCompile>
    <ClCompile Include="region.cpp">
      <Filter>Sources\game</Filter>
    </ClCompile>
    <ClCompile Include="player.cpp">
      <Filter>Sources\game</Filter>
    </ClCompile>
    <ClCompile Include="chunk.cpp">
      <Filter>Sources\game</Filter>
    </ClCompile>
    <ClCompile Include="blockRenderer.cpp">
      <Filter>Sources\gl</Filter>
    </ClCompile>
  </ItemGroup>
  <ItemGroup>
    <ClInclude Include="main.hpp">
      <Filter>Includes</Filter>
    </ClInclude>
    <ClInclude Include="displayList.hpp">
      <Filter>Includes\gl</Filter>
    </ClInclude>
    <ClInclude Include="renderer.inl">
      <Filter>Includes\gl</Filter>
    </ClInclude>
    <ClInclude Include="renderer.hpp">
      <Filter>Includes\gl</Filter>
    </ClInclude>
    <ClInclude Include="aabb3.hpp">
      <Filter>Includes\mathematic</Filter>
    </ClInclude>
    <ClInclude Include="aabb3.inl">
      <Filter>Includes\mathematic</Filter>
    </ClInclude>
    <ClInclude Include="collisionResult.hpp">
      <Filter>Includes\mathematic</Filter>
    </ClInclude>
    <ClInclude Include="math.hpp">
      <Filter>Includes\mathematic</Filter>
    </ClInclude>
    <ClInclude Include="math.inl">
      <Filter>Includes\mathematic</Filter>
    </ClInclude>
    <ClInclude Include="plane3.hpp">
      <Filter>Includes\mathematic</Filter>
    </ClInclude>
    <ClInclude Include="rect2.hpp">
      <Filter>Includes\mathematic</Filter>
    </ClInclude>
    <ClInclude Include="rect3.hpp">
      <Filter>Includes\mathematic</Filter>
    </ClInclude>
    <ClInclude Include="triangle2.hpp">
      <Filter>Includes\mathematic</Filter>
    </ClInclude>
    <ClInclude Include="triangle3.hpp">
      <Filter>Includes\mathematic</Filter>
    </ClInclude>
    <ClInclude Include="vec2.hpp">
      <Filter>Includes\mathematic</Filter>
    </ClInclude>
    <ClInclude Include="vec2.inl">
      <Filter>Includes\mathematic</Filter>
    </ClInclude>
    <ClInclude Include="vec3.hpp">
      <Filter>Includes\mathematic</Filter>
    </ClInclude>
    <ClInclude Include="vec3.inl">
      <Filter>Includes\mathematic</Filter>
    </ClInclude>
    <ClInclude Include="glHelper.hpp">
      <Filter>Includes\gl</Filter>
    </ClInclude>
    <ClInclude Include="time.hpp">
      <Filter>Includes\utility</Filter>
    </ClInclude>
    <ClInclude Include="color.hpp">
      <Filter>Includes\utility</Filter>
    </ClInclude>
    <ClInclude Include="blockRenderer.hpp">
      <Filter>Includes\gl</Filter>
    </ClInclude>
    <ClInclude Include="glad.h">
      <Filter>Includes\gl</Filter>
    </ClInclude>
    <ClInclude Include="block.hpp">
      <Filter>Includes\game</Filter>
    </ClInclude>
    <ClInclude Include="camera.hpp">
      <Filter>Includes\game</Filter>
    </ClInclude>
    <ClInclude Include="chunk.hpp">
      <Filter>Includes\game</Filter>
    </ClInclude>
    <ClInclude Include="region.hpp">
      <Filter>Includes\game</Filter>
    </ClInclude>
    <ClInclude Include="player.hpp">
      <Filter>Includes\game</Filter>
    </ClInclude>
    <ClInclude Include="side.hpp">
      <Filter>Includes\game</Filter>
    </ClInclude>
    <ClInclude Include="world.hpp">
      <Filter>Includes\game</Filter>
    </ClInclude>
    <ClInclude Include="resource.h">
      <Filter>Includes</Filter>
    </ClInclude>
    <ClInclude Include="assets.hpp">
      <Filter>Includes\assets</Filter>
    </ClInclude>
    <ClInclude Include="textureManager.hpp">
      <Filter>Includes\assets</Filter>
    </ClInclude>
  </ItemGroup>
  <ItemGroup>
    <None Include="plane3.inl">
      <Filter>Includes\mathematic</Filter>
    </None>
    <None Include="rect2.inl">
      <Filter>Includes\mathematic</Filter>
    </None>
    <None Include="rect3.inl">
      <Filter>Includes\mathematic</Filter>
    </None>
    <None Include="triangle2.inl">
      <Filter>Includes\mathematic</Filter>
    </None>
    <None Include="triangle3.inl">
      <Filter>Includes\mathematic</Filter>
    </None>
    <None Include="chunk.inl">
      <Filter>Includes\game</Filter>
    </None>
    <None Include="region.inl">
      <Filter>Includes\game</Filter>
    </None>
    <None Include="world.inl">
      <Filter>Includes\game</Filter>
    </None>
    <None Include="cpp.hint" />
  </ItemGroup>
  <ItemGroup>
    <ResourceCompile Include="Minecraft.rc">
      <Filter>Resources</Filter>
    </ResourceCompile>
  </ItemGroup>
</Project>