<?xml version="1.0" encoding="utf-8"?>
<Project ToolsVersion="4.0" xmlns="http://schemas.microsoft.com/developer/msbuild/2003">
  <ItemGroup>
    <Filter Include="Sources">
      <UniqueIdentifier>{4FC737F1-C7A5-4376-A066-2A32D752A2FF}</UniqueIdentifier>
      <Extensions>cpp;c;cc;cxx;c++;cppm;ixx;def;odl;idl;hpj;bat;asm;asmx</Extensions>
    </Filter>
    <Filter Include="Sources\utility">
      <UniqueIdentifier>{a1d53408-c339-459f-9912-9092da093e3a}</UniqueIdentifier>
    </Filter>
    <Filter Include="Sources\gl">
      <UniqueIdentifier>{3b01738b-2d56-4e09-800e-c0c1ba52d84c}</UniqueIdentifier>
    </Filter>
    <Filter Include="Sources\game">
      <UniqueIdentifier>{393dbc3a-0104-441e-94aa-64724b79f3c2}</UniqueIdentifier>
    </Filter>
    <Filter Include="Includes">
      <UniqueIdentifier>{93995380-89BD-4b04-88EB-625FBE52EBFB}</UniqueIdentifier>
      <Extensions>h;hh;hpp;hxx;h++;hm;inl;inc;ipp;xsd</Extensions>
    </Filter>
    <Filter Include="Includes\gl">
      <UniqueIdentifier>{960512da-39c8-417d-b2d5-bbb885ba33e8}</UniqueIdentifier>
    </Filter>
    <Filter Include="Includes\utility">
      <UniqueIdentifier>{7965748a-7224-4550-8a92-2a47732b9068}</UniqueIdentifier>
    </Filter>
    <Filter Include="Includes\game">
      <UniqueIdentifier>{460c2762-d2f2-4e5b-8775-244c74e40ef0}</UniqueIdentifier>
    </Filter>
    <Filter Include="Resources">
      <UniqueIdentifier>{67DA6AB6-F800-4c08-8B7A-83BB121AAD01}</UniqueIdentifier>
      <Extensions>rc;ico;cur;bmp;dlg;rc2;rct;bin;rgs;gif;jpg;jpeg;jpe;resx;tiff;tif;png;wav;mfcribbon-ms</Extensions>
    </Filter>
    <Filter Include="Includes\assets">
      <UniqueIdentifier>{f997d656-7c99-4226-a4e2-069b90031714}</UniqueIdentifier>
    </Filter>
    <Filter Include="Sources\assets">
      <UniqueIdentifier>{bdc225a6-b4dc-460b-8b29-18114c3fffbe}</UniqueIdentifier>
    </Filter>
    <Filter Include="Includes\displays">
      <UniqueIdentifier>{b59e1650-9f90-4ec8-828d-04b8d6a0947b}</UniqueIdentifier>
    </Filter>
    <Filter Include="Sources\displays">
      <UniqueIdentifier>{7bbe83f9-297d-451c-a6d1-8aa4c2c2d896}</UniqueIdentifier>
    </Filter>
    <Filter Include="Includes\math">
      <UniqueIdentifier>{eb7d47d5-a20a-4058-a7f0-c01ed47e69a0}</UniqueIdentifier>
    </Filter>
    <Filter Include="Sources\math">
      <UniqueIdentifier>{8d2b04ab-8079-455f-9ac0-aa1abcea663c}</UniqueIdentifier>
    </Filter>
  </ItemGroup>
  <ItemGroup>
    <ClCompile Include="main.cpp">
      <Filter>Sources</Filter>
    </ClCompile>
    <ClCompile Include="Color.cpp">
      <Filter>Sources\utility</Filter>
    </ClCompile>
    <ClCompile Include="Time.cpp">
      <Filter>Sources\utility</Filter>
    </ClCompile>
    <ClCompile Include="GlHelper.cpp">
      <Filter>Sources\gl</Filter>
    </ClCompile>
    <ClCompile Include="glad.c">
      <Filter>Sources\gl</Filter>
    </ClCompile>
    <ClCompile Include="World.cpp">
      <Filter>Sources\game</Filter>
    </ClCompile>
    <ClCompile Include="Region.cpp">
      <Filter>Sources\game</Filter>
    </ClCompile>
    <ClCompile Include="Player.cpp">
      <Filter>Sources\game</Filter>
    </ClCompile>
    <ClCompile Include="Chunk.cpp">
      <Filter>Sources\game</Filter>
    </ClCompile>
    <ClCompile Include="BlockRenderer.cpp">
      <Filter>Sources\gl</Filter>
    </ClCompile>
    <ClCompile Include="ModelManager.cpp">
      <Filter>Sources\assets</Filter>
    </ClCompile>
    <ClCompile Include="SettingsManager.cpp">
      <Filter>Sources\assets</Filter>
    </ClCompile>
    <ClCompile Include="BlockManager.cpp">
      <Filter>Sources\assets</Filter>
    </ClCompile>
    <ClCompile Include="TextureManager.cpp">
      <Filter>Sources\assets</Filter>
    </ClCompile>
    <ClCompile Include="Loading.cpp">
      <Filter>Sources\displays</Filter>
    </ClCompile>
    <ClCompile Include="Assets.cpp">
      <Filter>Sources\assets</Filter>
    </ClCompile>
    <ClCompile Include="DisplayHelper.cpp">
      <Filter>Sources\utility</Filter>
    </ClCompile>
    <ClCompile Include="Menu.cpp">
      <Filter>Sources\displays</Filter>
    </ClCompile>
    <ClCompile Include="Game.cpp">
      <Filter>Sources\displays</Filter>
    </ClCompile>
    <ClCompile Include="Vec2.cpp">
      <Filter>Sources\math</Filter>
    </ClCompile>
    <ClCompile Include="Vec3.cpp">
      <Filter>Sources\math</Filter>
    </ClCompile>
    <ClCompile Include="TextRenderer.cpp">
      <Filter>Sources\gl</Filter>
    </ClCompile>
    <ClCompile Include="Vbo.cpp">
      <Filter>Sources\gl</Filter>
    </ClCompile>
    <ClCompile Include="Tileset.cpp">
      <Filter>Sources\utility</Filter>
    </ClCompile>
    <ClCompile Include="Model.cpp">
      <Filter>Sources\utility</Filter>
    </ClCompile>
    <ClCompile Include="Camera.cpp">
      <Filter>Sources\game</Filter>
    </ClCompile>
  </ItemGroup>
  <ItemGroup>
    <ClInclude Include="main.hpp">
      <Filter>Includes</Filter>
    </ClInclude>
    <ClInclude Include="DisplayList.hpp">
      <Filter>Includes\gl</Filter>
    </ClInclude>
    <ClInclude Include="Aabb3.hpp">
      <Filter>Includes\math</Filter>
    </ClInclude>
    <ClInclude Include="Aabb3.inl">
      <Filter>Includes\math</Filter>
    </ClInclude>
    <ClInclude Include="CollisionResult.hpp">
      <Filter>Includes\math</Filter>
    </ClInclude>
    <ClInclude Include="Math.hpp">
      <Filter>Includes\math</Filter>
    </ClInclude>
    <ClInclude Include="Math.inl">
      <Filter>Includes\math</Filter>
    </ClInclude>
    <ClInclude Include="Plane3.hpp">
      <Filter>Includes\math</Filter>
    </ClInclude>
    <ClInclude Include="Rect2.hpp">
      <Filter>Includes\math</Filter>
    </ClInclude>
    <ClInclude Include="Rect3.hpp">
      <Filter>Includes\math</Filter>
    </ClInclude>
    <ClInclude Include="Triangle2.hpp">
      <Filter>Includes\math</Filter>
    </ClInclude>
    <ClInclude Include="Triangle3.hpp">
      <Filter>Includes\math</Filter>
    </ClInclude>
    <ClInclude Include="Vec2.hpp">
      <Filter>Includes\math</Filter>
    </ClInclude>
    <ClInclude Include="Vec2.inl">
      <Filter>Includes\math</Filter>
    </ClInclude>
    <ClInclude Include="Vec3.hpp">
      <Filter>Includes\math</Filter>
    </ClInclude>
    <ClInclude Include="Vec3.inl">
      <Filter>Includes\math</Filter>
    </ClInclude>
    <ClInclude Include="GlHelper.hpp">
      <Filter>Includes\gl</Filter>
    </ClInclude>
    <ClInclude Include="Time.hpp">
      <Filter>Includes\utility</Filter>
    </ClInclude>
    <ClInclude Include="Color.hpp">
      <Filter>Includes\utility</Filter>
    </ClInclude>
    <ClInclude Include="BlockRenderer.hpp">
      <Filter>Includes\gl</Filter>
    </ClInclude>
    <ClInclude Include="glad.h">
      <Filter>Includes\gl</Filter>
    </ClInclude>
    <ClInclude Include="Block.hpp">
      <Filter>Includes\game</Filter>
    </ClInclude>
    <ClInclude Include="Camera.hpp">
      <Filter>Includes\game</Filter>
    </ClInclude>
    <ClInclude Include="Chunk.hpp">
      <Filter>Includes\game</Filter>
    </ClInclude>
    <ClInclude Include="Region.hpp">
      <Filter>Includes\game</Filter>
    </ClInclude>
    <ClInclude Include="Player.hpp">
      <Filter>Includes\game</Filter>
    </ClInclude>
    <ClInclude Include="Side.hpp">
      <Filter>Includes\game</Filter>
    </ClInclude>
    <ClInclude Include="World.hpp">
      <Filter>Includes\game</Filter>
    </ClInclude>
    <ClInclude Include="resource.h">
      <Filter>Includes</Filter>
    </ClInclude>
    <ClInclude Include="Assets.hpp">
      <Filter>Includes\assets</Filter>
    </ClInclude>
    <ClInclude Include="TextureManager.hpp">
      <Filter>Includes\assets</Filter>
    </ClInclude>
    <ClInclude Include="BlockManager.hpp">
      <Filter>Includes\assets</Filter>
    </ClInclude>
    <ClInclude Include="ModelManager.hpp">
      <Filter>Includes\assets</Filter>
    </ClInclude>
    <ClInclude Include="SettingsManager.hpp">
      <Filter>Includes\assets</Filter>
    </ClInclude>
    <ClInclude Include="Loading.hpp">
      <Filter>Includes\displays</Filter>
    </ClInclude>
    <ClInclude Include="Menu.hpp">
      <Filter>Includes\displays</Filter>
    </ClInclude>
    <ClInclude Include="Game.hpp">
      <Filter>Includes\displays</Filter>
    </ClInclude>
    <ClInclude Include="DisplayHelper.hpp">
      <Filter>Includes\utility</Filter>
    </ClInclude>
    <ClInclude Include="TextRenderer.hpp">
      <Filter>Includes\gl</Filter>
    </ClInclude>
    <ClInclude Include="Vbo.hpp">
      <Filter>Includes\gl</Filter>
    </ClInclude>
    <ClInclude Include="Tileset.hpp">
      <Filter>Includes\utility</Filter>
    </ClInclude>
    <ClInclude Include="Model.hpp">
      <Filter>Includes\utility</Filter>
    </ClInclude>
  </ItemGroup>
  <ItemGroup>
    <None Include="Plane3.inl">
      <Filter>Includes\math</Filter>
    </None>
    <None Include="Rect2.inl">
      <Filter>Includes\math</Filter>
    </None>
    <None Include="Rect3.inl">
      <Filter>Includes\math</Filter>
    </None>
    <None Include="Triangle2.inl">
      <Filter>Includes\math</Filter>
    </None>
    <None Include="Triangle3.inl">
      <Filter>Includes\math</Filter>
    </None>
    <None Include="Chunk.inl">
      <Filter>Includes\game</Filter>
    </None>
    <None Include="Region.inl">
      <Filter>Includes\game</Filter>
    </None>
    <None Include="World.inl">
      <Filter>Includes\game</Filter>
    </None>
    <None Include="cpp.hint" />
  </ItemGroup>
  <ItemGroup>
    <ResourceCompile Include="Minecraft.rc">
      <Filter>Resources</Filter>
    </ResourceCompile>
  </ItemGroup>
  <ItemGroup>
    <Image Include="assets\ascii.png">
      <Filter>Resources</Filter>
    </Image>
    <Image Include="assets\loading.png">
      <Filter>Resources</Filter>
    </Image>
  </ItemGroup>
</Project>